
Microsoft Visual Studio Solution File, Format Version 12.00
# Visual Studio 15
VisualStudioVersion = 15.0.26730.8
MinimumVisualStudioVersion = 10.0.40219.1
Project("{FAE04EC0-301F-11D3-BF4B-00C04F79EFBC}") = "SA45Team11A", "SA45Team11A\SA45Team11A.csproj", "{527B8256-EF18-44DA-ADE8-FE6EEE9C7543}"
EndProject
Global
	GlobalSection(SolutionConfigurationPlatforms) = preSolution
		Debug|Any CPU = Debug|Any CPU
		Release|Any CPU = Release|Any CPU
	EndGlobalSection
	GlobalSection(ProjectConfigurationPlatforms) = postSolution
		{527B8256-EF18-44DA-ADE8-FE6EEE9C7543}.Debug|Any CPU.ActiveCfg = Debug|Any CPU
		{527B8256-EF18-44DA-ADE8-FE6EEE9C7543}.Debug|Any CPU.Build.0 = Debug|Any CPU
		{527B8256-EF18-44DA-ADE8-FE6EEE9C7543}.Release|Any CPU.ActiveCfg = Release|Any CPU
		{527B8256-EF18-44DA-ADE8-FE6EEE9C7543}.Release|Any CPU.Build.0 = Release|Any CPU
	EndGlobalSection
	GlobalSection(SolutionProperties) = preSolution
		HideSolutionNode = FALSE
	EndGlobalSection
	GlobalSection(ExtensibilityGlobals) = postSolution
		SolutionGuid = {64A1E8A5-8FAA-415D-86A0-4291467B85E5}
	EndGlobalSection
EndGlobal
