
Microsoft Visual Studio Solution File, Format Version 12.00
# Visual Studio 15
VisualStudioVersion = 15.0.26730.8
MinimumVisualStudioVersion = 10.0.40219.1
Project("{FAE04EC0-301F-11D3-BF4B-00C04F79EFBC}") = "testMapping", "testMapping\testMapping.csproj", "{BB6DD469-C8A4-4E80-9E3E-A2CEC97BCF5D}"
EndProject
Global
	GlobalSection(SolutionConfigurationPlatforms) = preSolution
		Debug|Any CPU = Debug|Any CPU
		Release|Any CPU = Release|Any CPU
	EndGlobalSection
	GlobalSection(ProjectConfigurationPlatforms) = postSolution
		{BB6DD469-C8A4-4E80-9E3E-A2CEC97BCF5D}.Debug|Any CPU.ActiveCfg = Debug|Any CPU
		{BB6DD469-C8A4-4E80-9E3E-A2CEC97BCF5D}.Debug|Any CPU.Build.0 = Debug|Any CPU
		{BB6DD469-C8A4-4E80-9E3E-A2CEC97BCF5D}.Release|Any CPU.ActiveCfg = Release|Any CPU
		{BB6DD469-C8A4-4E80-9E3E-A2CEC97BCF5D}.Release|Any CPU.Build.0 = Release|Any CPU
	EndGlobalSection
	GlobalSection(SolutionProperties) = preSolution
		HideSolutionNode = FALSE
	EndGlobalSection
	GlobalSection(ExtensibilityGlobals) = postSolution
		SolutionGuid = {C871D4D7-548C-4897-8232-50FE20A2B7FE}
	EndGlobalSection
EndGlobal
