
Microsoft Visual Studio Solution File, Format Version 12.00
# Visual Studio 15
VisualStudioVersion = 15.0.26730.8
MinimumVisualStudioVersion = 10.0.40219.1
Project("{FAE04EC0-301F-11D3-BF4B-00C04F79EFBC}") = "ADODemo", "ADODemo\ADODemo.csproj", "{DF71B079-5C41-406D-B349-786FEE4DB80C}"
EndProject
Global
	GlobalSection(SolutionConfigurationPlatforms) = preSolution
		Debug|Any CPU = Debug|Any CPU
		Release|Any CPU = Release|Any CPU
	EndGlobalSection
	GlobalSection(ProjectConfigurationPlatforms) = postSolution
		{DF71B079-5C41-406D-B349-786FEE4DB80C}.Debug|Any CPU.ActiveCfg = Debug|Any CPU
		{DF71B079-5C41-406D-B349-786FEE4DB80C}.Debug|Any CPU.Build.0 = Debug|Any CPU
		{DF71B079-5C41-406D-B349-786FEE4DB80C}.Release|Any CPU.ActiveCfg = Release|Any CPU
		{DF71B079-5C41-406D-B349-786FEE4DB80C}.Release|Any CPU.Build.0 = Release|Any CPU
	EndGlobalSection
	GlobalSection(SolutionProperties) = preSolution
		HideSolutionNode = FALSE
	EndGlobalSection
	GlobalSection(ExtensibilityGlobals) = postSolution
		SolutionGuid = {E1FEFFB3-2930-4391-B812-A7FA9457F583}
	EndGlobalSection
EndGlobal
